
Microsoft Visual Studio Solution File, Format Version 12.00
# Visual Studio Version 16
VisualStudioVersion = 16.0.31702.278
MinimumVisualStudioVersion = 10.0.40219.1
Project("{FAE04EC0-301F-11D3-BF4B-00C04F79EFBC}") = "TP1", "TP1.csproj", "{1207F1AB-BAF0-47B9-99AA-3AB34A1F34EE}"
EndProject
Global
	GlobalSection(SolutionConfigurationPlatforms) = preSolution
		Debug|Any CPU = Debug|Any CPU
		Release|Any CPU = Release|Any CPU
	EndGlobalSection
	GlobalSection(ProjectConfigurationPlatforms) = postSolution
		{1207F1AB-BAF0-47B9-99AA-3AB34A1F34EE}.Debug|Any CPU.ActiveCfg = Debug|Any CPU
		{1207F1AB-BAF0-47B9-99AA-3AB34A1F34EE}.Debug|Any CPU.Build.0 = Debug|Any CPU
		{1207F1AB-BAF0-47B9-99AA-3AB34A1F34EE}.Release|Any CPU.ActiveCfg = Release|Any CPU
		{1207F1AB-BAF0-47B9-99AA-3AB34A1F34EE}.Release|Any CPU.Build.0 = Release|Any CPU
	EndGlobalSection
	GlobalSection(SolutionProperties) = preSolution
		HideSolutionNode = FALSE
	EndGlobalSection
	GlobalSection(ExtensibilityGlobals) = postSolution
		SolutionGuid = {6EE8B64E-DB46-465D-8C35-71F0E2800564}
	EndGlobalSection
EndGlobal
