
Microsoft Visual Studio Solution File, Format Version 12.00
# Visual Studio Version 16
VisualStudioVersion = 16.0.31702.278
MinimumVisualStudioVersion = 10.0.40219.1
Project("{9A19103F-16F7-4668-BE54-9A1E7A4F7556}") = "TP2", "TP2.csproj", "{D4226517-6FE8-476D-BB18-FA39925CC0A4}"
EndProject
Global
	GlobalSection(SolutionConfigurationPlatforms) = preSolution
		Debug|Any CPU = Debug|Any CPU
		Release|Any CPU = Release|Any CPU
	EndGlobalSection
	GlobalSection(ProjectConfigurationPlatforms) = postSolution
		{D4226517-6FE8-476D-BB18-FA39925CC0A4}.Debug|Any CPU.ActiveCfg = Debug|Any CPU
		{D4226517-6FE8-476D-BB18-FA39925CC0A4}.Debug|Any CPU.Build.0 = Debug|Any CPU
		{D4226517-6FE8-476D-BB18-FA39925CC0A4}.Release|Any CPU.ActiveCfg = Release|Any CPU
		{D4226517-6FE8-476D-BB18-FA39925CC0A4}.Release|Any CPU.Build.0 = Release|Any CPU
	EndGlobalSection
	GlobalSection(SolutionProperties) = preSolution
		HideSolutionNode = FALSE
	EndGlobalSection
	GlobalSection(ExtensibilityGlobals) = postSolution
		SolutionGuid = {66261123-E7D8-4A0D-9C4E-976B06DC348B}
	EndGlobalSection
EndGlobal
