
Microsoft Visual Studio Solution File, Format Version 12.00
# Visual Studio Version 16
VisualStudioVersion = 16.0.31624.102
MinimumVisualStudioVersion = 10.0.40219.1
Project("{9A19103F-16F7-4668-BE54-9A1E7A4F7556}") = "TP4", "TP4.csproj", "{B1AF41B6-7350-4167-9FF1-94C923EA222F}"
EndProject
Project("{9A19103F-16F7-4668-BE54-9A1E7A4F7556}") = "TP3", "..\TP3\TP3.csproj", "{B505D417-DCF4-46BD-B857-C365AA07EF5C}"
EndProject
Global
	GlobalSection(SolutionConfigurationPlatforms) = preSolution
		Debug|Any CPU = Debug|Any CPU
		Release|Any CPU = Release|Any CPU
	EndGlobalSection
	GlobalSection(ProjectConfigurationPlatforms) = postSolution
		{B1AF41B6-7350-4167-9FF1-94C923EA222F}.Debug|Any CPU.ActiveCfg = Debug|Any CPU
		{B1AF41B6-7350-4167-9FF1-94C923EA222F}.Debug|Any CPU.Build.0 = Debug|Any CPU
		{B1AF41B6-7350-4167-9FF1-94C923EA222F}.Release|Any CPU.ActiveCfg = Release|Any CPU
		{B1AF41B6-7350-4167-9FF1-94C923EA222F}.Release|Any CPU.Build.0 = Release|Any CPU
		{B505D417-DCF4-46BD-B857-C365AA07EF5C}.Debug|Any CPU.ActiveCfg = Debug|Any CPU
		{B505D417-DCF4-46BD-B857-C365AA07EF5C}.Debug|Any CPU.Build.0 = Debug|Any CPU
		{B505D417-DCF4-46BD-B857-C365AA07EF5C}.Release|Any CPU.ActiveCfg = Release|Any CPU
		{B505D417-DCF4-46BD-B857-C365AA07EF5C}.Release|Any CPU.Build.0 = Release|Any CPU
	EndGlobalSection
	GlobalSection(SolutionProperties) = preSolution
		HideSolutionNode = FALSE
	EndGlobalSection
	GlobalSection(ExtensibilityGlobals) = postSolution
		SolutionGuid = {7A74BB60-B000-495A-B54F-ED692A785590}
	EndGlobalSection
EndGlobal
